
Microsoft Visual Studio Solution File, Format Version 12.00
# Visual Studio Version 17
VisualStudioVersion = 17.7.34221.43
MinimumVisualStudioVersion = 10.0.40219.1
Project("{FAE04EC0-301F-11D3-BF4B-00C04F79EFBC}") = "Kurs_rub_Vasilev_TTM-21", "Kurs_rub_Vasilev_TTM-21\Kurs_rub_Vasilev_TTM-21.csproj", "{CAA8286A-27CD-4BB6-9D4D-8D875F9FD551}"
EndProject
Global
	GlobalSection(SolutionConfigurationPlatforms) = preSolution
		Debug|Any CPU = Debug|Any CPU
		Release|Any CPU = Release|Any CPU
	EndGlobalSection
	GlobalSection(ProjectConfigurationPlatforms) = postSolution
		{CAA8286A-27CD-4BB6-9D4D-8D875F9FD551}.Debug|Any CPU.ActiveCfg = Debug|Any CPU
		{CAA8286A-27CD-4BB6-9D4D-8D875F9FD551}.Debug|Any CPU.Build.0 = Debug|Any CPU
		{CAA8286A-27CD-4BB6-9D4D-8D875F9FD551}.Release|Any CPU.ActiveCfg = Release|Any CPU
		{CAA8286A-27CD-4BB6-9D4D-8D875F9FD551}.Release|Any CPU.Build.0 = Release|Any CPU
	EndGlobalSection
	GlobalSection(SolutionProperties) = preSolution
		HideSolutionNode = FALSE
	EndGlobalSection
	GlobalSection(ExtensibilityGlobals) = postSolution
		SolutionGuid = {35445BCC-C950-4F42-8E56-D792D81AD9DB}
	EndGlobalSection
EndGlobal
